{
  "name": "@lakshay_bindal/medium-common",
  "version": "1.0.0",
  "lockfileVersion": 3,
  "requires": true,
  "packages": {
    "": {
      "name": "@lakshay_bindal/medium-common",
      "version": "1.0.0",
      "license": "ISC",
      "dependencies": {
        "zod": "^3.24.1"
      }
    },
    "node_modules/@lakshay_bindal/medium-common": {
      "version": "1.0.0",
      "resolved": "https://registry.npmjs.org/@lakshay_bindal/medium-common/-/medium-common-1.0.0.tgz",
      "integrity": "sha512-wcTdHqqZJgP1LzT42lE3vxPbS/TtzOKQs4EWOky9KJlgbCrcYDZv6SuJvTbVS8/6b70nCpKkx1Rhmk3kPHGlTA==",
      "license": "ISC",
      "dependencies": {
        "zod": "^3.24.1"
      }
    },
    "node_modules/zod": {
      "version": "3.24.1",
      "resolved": "https://registry.npmjs.org/zod/-/zod-3.24.1.tgz",
      "integrity": "sha512-muH7gBL9sI1nciMZV67X5fTKKBLtwpZ5VBp1vsOQzj1MhrBZ4wlVCm3gedKZWLp0Oyel8sIGfeiz54Su+OVT+A==",
      "license": "MIT",
      "funding": {
        "url": "https://github.com/sponsors/colinhacks"
      }
    }
  }
}
